Microsoft Visual Studio Solution File, Format Version 12.00
# Visual Studio Version 17
VisualStudioVersion = 17.5.2.0
MinimumVisualStudioVersion = 10.0.40219.1
Project("{FAE04EC0-301F-11D3-BF4B-00C04F79EFBC}") = "DiarioCopaApi", "DiarioCopaApi\DiarioCopaApi.csproj", "{77423378-0E68-6CD5-55CA-24716CD1116D}"
EndProject
Global
	GlobalSection(SolutionConfigurationPlatforms) = preSolution
		Debug|Any CPU = Debug|Any CPU
		Release|Any CPU = Release|Any CPU
	EndGlobalSection
	GlobalSection(ProjectConfigurationPlatforms) = postSolution
		{77423378-0E68-6CD5-55CA-24716CD1116D}.Debug|Any CPU.ActiveCfg = Debug|Any CPU
		{77423378-0E68-6CD5-55CA-24716CD1116D}.Debug|Any CPU.Build.0 = Debug|Any CPU
		{77423378-0E68-6CD5-55CA-24716CD1116D}.Release|Any CPU.ActiveCfg = Release|Any CPU
		{77423378-0E68-6CD5-55CA-24716CD1116D}.Release|Any CPU.Build.0 = Release|Any CPU
	EndGlobalSection
	GlobalSection(SolutionProperties) = preSolution
		HideSolutionNode = FALSE
	EndGlobalSection
	GlobalSection(ExtensibilityGlobals) = postSolution
		SolutionGuid = {7A78F349-C4E1-437B-9974-CBD6B33FB49B}
	EndGlobalSection
EndGlobal
